
Microsoft Visual Studio Solution File, Format Version 12.00
# Visual Studio 2013
VisualStudioVersion = 12.0.31101.0
MinimumVisualStudioVersion = 10.0.40219.1
Project("{FAE04EC0-301F-11D3-BF4B-00C04F79EFBC}") = "EcommerceProject.Test", "EcommerceProject.Test\EcommerceProject.Test.csproj", "{1B888227-4EF5-4206-A9D5-E0D3822E68FA}"
EndProject
Project("{FAE04EC0-301F-11D3-BF4B-00C04F79EFBC}") = "EcommerceProject.AdminPortal", "EcommerceProject.AdminPortal\EcommerceProject.AdminPortal.csproj", "{D53A1D8E-25E8-4C9E-8420-D1CBB356826A}"
	ProjectSection(ProjectDependencies) = postProject
		{816F509C-D797-4BC7-A6D8-1E02F0C36F43} = {816F509C-D797-4BC7-A6D8-1E02F0C36F43}
	EndProjectSection
EndProject
Project("{FAE04EC0-301F-11D3-BF4B-00C04F79EFBC}") = "EcommerceProject.Website", "EcommerceProject.Website\EcommerceProject.Website.csproj", "{D08DCA2C-AE8C-45CD-B62A-751F59F89295}"
	ProjectSection(ProjectDependencies) = postProject
		{816F509C-D797-4BC7-A6D8-1E02F0C36F43} = {816F509C-D797-4BC7-A6D8-1E02F0C36F43}
		{CE366BF7-D396-47BD-8CB0-2837CFEAC7B3} = {CE366BF7-D396-47BD-8CB0-2837CFEAC7B3}
	EndProjectSection
EndProject
Project("{2150E333-8FDC-42A3-9474-1A3956D46DE8}") = "Artifacts", "Artifacts", "{2C88F062-0F75-41F8-81A6-19D05BBFC8A3}"
	ProjectSection(SolutionItems) = preProject
		Artifacts\InitialDBSetUp = Artifacts\InitialDBSetUp
	EndProjectSection
EndProject
Project("{FAE04EC0-301F-11D3-BF4B-00C04F79EFBC}") = "EcommerceProject.DatabaseModel", "EntityFramework\EcommerceProject.DatabaseModel.csproj", "{9097D3AC-E0BD-452B-A580-E9417AC0CBAE}"
EndProject
Project("{2150E333-8FDC-42A3-9474-1A3956D46DE8}") = "Pictures", "Pictures", "{2B1AB122-1F79-41BE-8E65-A0E775AED63D}"
	ProjectSection(SolutionItems) = preProject
		Artifacts\Pictures\OrcRepel.png = Artifacts\Pictures\OrcRepel.png
	EndProjectSection
EndProject
Project("{FAE04EC0-301F-11D3-BF4B-00C04F79EFBC}") = "EcommerceProject.Server", "EcommerceProject.Server\EcommerceProject.Server.csproj", "{3FC48C3F-8C50-4AF9-AA66-0A057F6F9A42}"
EndProject
Project("{FAE04EC0-301F-11D3-BF4B-00C04F79EFBC}") = "EcommerceProject.ServerHost", "EcommerceProject.ServerHost\EcommerceProject.ServerHost.csproj", "{816F509C-D797-4BC7-A6D8-1E02F0C36F43}"
EndProject
Project("{FAE04EC0-301F-11D3-BF4B-00C04F79EFBC}") = "EcommerceProject.ServerBasket", "EcommerceProject.ServerBasket\EcommerceProject.ServerBasket.csproj", "{B2D5954B-5CC6-4D95-8165-B6162AFAC286}"
EndProject
Project("{FAE04EC0-301F-11D3-BF4B-00C04F79EFBC}") = "EcommerceProject.ServerHostBasket", "WebApplication1\EcommerceProject.ServerHostBasket.csproj", "{CE366BF7-D396-47BD-8CB0-2837CFEAC7B3}"
EndProject
Global
	GlobalSection(SolutionConfigurationPlatforms) = preSolution
		Debug|Any CPU = Debug|Any CPU
		Release|Any CPU = Release|Any CPU
	EndGlobalSection
	GlobalSection(ProjectConfigurationPlatforms) = postSolution
		{1B888227-4EF5-4206-A9D5-E0D3822E68FA}.Debug|Any CPU.ActiveCfg = Debug|Any CPU
		{1B888227-4EF5-4206-A9D5-E0D3822E68FA}.Debug|Any CPU.Build.0 = Debug|Any CPU
		{1B888227-4EF5-4206-A9D5-E0D3822E68FA}.Release|Any CPU.ActiveCfg = Release|Any CPU
		{1B888227-4EF5-4206-A9D5-E0D3822E68FA}.Release|Any CPU.Build.0 = Release|Any CPU
		{D53A1D8E-25E8-4C9E-8420-D1CBB356826A}.Debug|Any CPU.ActiveCfg = Debug|Any CPU
		{D53A1D8E-25E8-4C9E-8420-D1CBB356826A}.Debug|Any CPU.Build.0 = Debug|Any CPU
		{D53A1D8E-25E8-4C9E-8420-D1CBB356826A}.Release|Any CPU.ActiveCfg = Release|Any CPU
		{D53A1D8E-25E8-4C9E-8420-D1CBB356826A}.Release|Any CPU.Build.0 = Release|Any CPU
		{D08DCA2C-AE8C-45CD-B62A-751F59F89295}.Debug|Any CPU.ActiveCfg = Debug|Any CPU
		{D08DCA2C-AE8C-45CD-B62A-751F59F89295}.Debug|Any CPU.Build.0 = Debug|Any CPU
		{D08DCA2C-AE8C-45CD-B62A-751F59F89295}.Release|Any CPU.ActiveCfg = Release|Any CPU
		{D08DCA2C-AE8C-45CD-B62A-751F59F89295}.Release|Any CPU.Build.0 = Release|Any CPU
		{9097D3AC-E0BD-452B-A580-E9417AC0CBAE}.Debug|Any CPU.ActiveCfg = Debug|Any CPU
		{9097D3AC-E0BD-452B-A580-E9417AC0CBAE}.Debug|Any CPU.Build.0 = Debug|Any CPU
		{9097D3AC-E0BD-452B-A580-E9417AC0CBAE}.Release|Any CPU.ActiveCfg = Release|Any CPU
		{9097D3AC-E0BD-452B-A580-E9417AC0CBAE}.Release|Any CPU.Build.0 = Release|Any CPU
		{3FC48C3F-8C50-4AF9-AA66-0A057F6F9A42}.Debug|Any CPU.ActiveCfg = Debug|Any CPU
		{3FC48C3F-8C50-4AF9-AA66-0A057F6F9A42}.Debug|Any CPU.Build.0 = Debug|Any CPU
		{3FC48C3F-8C50-4AF9-AA66-0A057F6F9A42}.Release|Any CPU.ActiveCfg = Release|Any CPU
		{3FC48C3F-8C50-4AF9-AA66-0A057F6F9A42}.Release|Any CPU.Build.0 = Release|Any CPU
		{816F509C-D797-4BC7-A6D8-1E02F0C36F43}.Debug|Any CPU.ActiveCfg = Debug|Any CPU
		{816F509C-D797-4BC7-A6D8-1E02F0C36F43}.Debug|Any CPU.Build.0 = Debug|Any CPU
		{816F509C-D797-4BC7-A6D8-1E02F0C36F43}.Release|Any CPU.ActiveCfg = Release|Any CPU
		{816F509C-D797-4BC7-A6D8-1E02F0C36F43}.Release|Any CPU.Build.0 = Release|Any CPU
		{B2D5954B-5CC6-4D95-8165-B6162AFAC286}.Debug|Any CPU.ActiveCfg = Debug|Any CPU
		{B2D5954B-5CC6-4D95-8165-B6162AFAC286}.Debug|Any CPU.Build.0 = Debug|Any CPU
		{B2D5954B-5CC6-4D95-8165-B6162AFAC286}.Release|Any CPU.ActiveCfg = Release|Any CPU
		{B2D5954B-5CC6-4D95-8165-B6162AFAC286}.Release|Any CPU.Build.0 = Release|Any CPU
		{CE366BF7-D396-47BD-8CB0-2837CFEAC7B3}.Debug|Any CPU.ActiveCfg = Debug|Any CPU
		{CE366BF7-D396-47BD-8CB0-2837CFEAC7B3}.Debug|Any CPU.Build.0 = Debug|Any CPU
		{CE366BF7-D396-47BD-8CB0-2837CFEAC7B3}.Release|Any CPU.ActiveCfg = Release|Any CPU
		{CE366BF7-D396-47BD-8CB0-2837CFEAC7B3}.Release|Any CPU.Build.0 = Release|Any CPU
	EndGlobalSection
	GlobalSection(SolutionProperties) = preSolution
		HideSolutionNode = FALSE
	EndGlobalSection
	GlobalSection(NestedProjects) = preSolution
		{2B1AB122-1F79-41BE-8E65-A0E775AED63D} = {2C88F062-0F75-41F8-81A6-19D05BBFC8A3}
	EndGlobalSection
EndGlobal
